
Microsoft Visual Studio Solution File, Format Version 12.00
# Visual Studio 15
VisualStudioVersion = 15.0.26403.7
MinimumVisualStudioVersion = 10.0.40219.1
Project("{FAE04EC0-301F-11D3-BF4B-00C04F79EFBC}") = "Budget.Web", "Budget.Web\Budget.Web.csproj", "{49EBECBC-346E-4CD1-BDFE-8ACD10469C8F}"
EndProject
Project("{FAE04EC0-301F-11D3-BF4B-00C04F79EFBC}") = "Budget.Domain", "Budget.Domain\Budget.Domain.csproj", "{B150832F-6BD1-45BA-A6DD-D49B5D82074A}"
EndProject
Project("{FAE04EC0-301F-11D3-BF4B-00C04F79EFBC}") = "Budget.Console", "Budget.Console\Budget.Console.csproj", "{ECE49E29-911A-4D95-BF40-9D6113481722}"
EndProject
Project("{FAE04EC0-301F-11D3-BF4B-00C04F79EFBC}") = "Budget.Test", "Budget.Test\Budget.Test.csproj", "{C0B5B905-F492-44B1-B2F3-26B0A72F4F79}"
EndProject
Project("{2150E333-8FDC-42A3-9474-1A3956D46DE8}") = "Solution Items", "Solution Items", "{DF051E7A-8F71-40BB-A224-55474E8DBEAC}"
	ProjectSection(SolutionItems) = preProject
		.gitignore = .gitignore
		README.md = README.md
	EndProjectSection
EndProject
Project("{FAE04EC0-301F-11D3-BF4B-00C04F79EFBC}") = "Budget.Identity", "Budget.Identity\Budget.Identity.csproj", "{8CB7675C-656A-4828-8B39-77CD155D1AB7}"
EndProject
Project("{FAE04EC0-301F-11D3-BF4B-00C04F79EFBC}") = "Budget.Assets", "Budget.Assets\Budget.Assets.csproj", "{7C3F803F-199E-40C2-A7AD-82A79BA80A41}"
EndProject
Global
	GlobalSection(SolutionConfigurationPlatforms) = preSolution
		Debug|Any CPU = Debug|Any CPU
		Release|Any CPU = Release|Any CPU
	EndGlobalSection
	GlobalSection(ProjectConfigurationPlatforms) = postSolution
		{49EBECBC-346E-4CD1-BDFE-8ACD10469C8F}.Debug|Any CPU.ActiveCfg = Debug|Any CPU
		{49EBECBC-346E-4CD1-BDFE-8ACD10469C8F}.Debug|Any CPU.Build.0 = Debug|Any CPU
		{49EBECBC-346E-4CD1-BDFE-8ACD10469C8F}.Release|Any CPU.ActiveCfg = Release|Any CPU
		{49EBECBC-346E-4CD1-BDFE-8ACD10469C8F}.Release|Any CPU.Build.0 = Release|Any CPU
		{B150832F-6BD1-45BA-A6DD-D49B5D82074A}.Debug|Any CPU.ActiveCfg = Debug|Any CPU
		{B150832F-6BD1-45BA-A6DD-D49B5D82074A}.Debug|Any CPU.Build.0 = Debug|Any CPU
		{B150832F-6BD1-45BA-A6DD-D49B5D82074A}.Release|Any CPU.ActiveCfg = Release|Any CPU
		{B150832F-6BD1-45BA-A6DD-D49B5D82074A}.Release|Any CPU.Build.0 = Release|Any CPU
		{ECE49E29-911A-4D95-BF40-9D6113481722}.Debug|Any CPU.ActiveCfg = Debug|Any CPU
		{ECE49E29-911A-4D95-BF40-9D6113481722}.Debug|Any CPU.Build.0 = Debug|Any CPU
		{ECE49E29-911A-4D95-BF40-9D6113481722}.Release|Any CPU.ActiveCfg = Release|Any CPU
		{ECE49E29-911A-4D95-BF40-9D6113481722}.Release|Any CPU.Build.0 = Release|Any CPU
		{C0B5B905-F492-44B1-B2F3-26B0A72F4F79}.Debug|Any CPU.ActiveCfg = Debug|Any CPU
		{C0B5B905-F492-44B1-B2F3-26B0A72F4F79}.Debug|Any CPU.Build.0 = Debug|Any CPU
		{C0B5B905-F492-44B1-B2F3-26B0A72F4F79}.Release|Any CPU.ActiveCfg = Release|Any CPU
		{C0B5B905-F492-44B1-B2F3-26B0A72F4F79}.Release|Any CPU.Build.0 = Release|Any CPU
		{8CB7675C-656A-4828-8B39-77CD155D1AB7}.Debug|Any CPU.ActiveCfg = Debug|Any CPU
		{8CB7675C-656A-4828-8B39-77CD155D1AB7}.Debug|Any CPU.Build.0 = Debug|Any CPU
		{8CB7675C-656A-4828-8B39-77CD155D1AB7}.Release|Any CPU.ActiveCfg = Release|Any CPU
		{8CB7675C-656A-4828-8B39-77CD155D1AB7}.Release|Any CPU.Build.0 = Release|Any CPU
		{7C3F803F-199E-40C2-A7AD-82A79BA80A41}.Debug|Any CPU.ActiveCfg = Debug|Any CPU
		{7C3F803F-199E-40C2-A7AD-82A79BA80A41}.Debug|Any CPU.Build.0 = Debug|Any CPU
		{7C3F803F-199E-40C2-A7AD-82A79BA80A41}.Release|Any CPU.ActiveCfg = Release|Any CPU
		{7C3F803F-199E-40C2-A7AD-82A79BA80A41}.Release|Any CPU.Build.0 = Release|Any CPU
	EndGlobalSection
	GlobalSection(SolutionProperties) = preSolution
		HideSolutionNode = FALSE
	EndGlobalSection
EndGlobal
